
Microsoft Visual Studio Solution File, Format Version 12.00
# Visual Studio Version 17
VisualStudioVersion = 17.7.34221.43
MinimumVisualStudioVersion = 10.0.40219.1
Project("{FAE04EC0-301F-11D3-BF4B-00C04F79EFBC}") = "MoscowWeatherApi", "MoscowWeatherApi\MoscowWeatherApi.csproj", "{9DFB61DF-FDAB-449A-89E7-3CC8BADAFFA4}"
EndProject
Global
	GlobalSection(SolutionConfigurationPlatforms) = preSolution
		Debug|Any CPU = Debug|Any CPU
		Release|Any CPU = Release|Any CPU
	EndGlobalSection
	GlobalSection(ProjectConfigurationPlatforms) = postSolution
		{9DFB61DF-FDAB-449A-89E7-3CC8BADAFFA4}.Debug|Any CPU.ActiveCfg = Debug|Any CPU
		{9DFB61DF-FDAB-449A-89E7-3CC8BADAFFA4}.Debug|Any CPU.Build.0 = Debug|Any CPU
		{9DFB61DF-FDAB-449A-89E7-3CC8BADAFFA4}.Release|Any CPU.ActiveCfg = Release|Any CPU
		{9DFB61DF-FDAB-449A-89E7-3CC8BADAFFA4}.Release|Any CPU.Build.0 = Release|Any CPU
	EndGlobalSection
	GlobalSection(SolutionProperties) = preSolution
		HideSolutionNode = FALSE
	EndGlobalSection
	GlobalSection(ExtensibilityGlobals) = postSolution
		SolutionGuid = {ADAB54FB-7FF5-4834-AADB-4C1925B833F7}
	EndGlobalSection
EndGlobal
